
Microsoft Visual Studio Solution File, Format Version 12.00
# Visual Studio Version 17
VisualStudioVersion = 17.1.32210.238
MinimumVisualStudioVersion = 10.0.40219.1
Project("{9A19103F-16F7-4668-BE54-9A1E7A4F7556}") = "Employee_Amit_Chawla", "Employee_Amit_Chawla.csproj", "{4060BE9B-75CD-4BE4-B945-9CCC3E416B7D}"
EndProject
Global
	GlobalSection(SolutionConfigurationPlatforms) = preSolution
		Debug|Any CPU = Debug|Any CPU
		Release|Any CPU = Release|Any CPU
	EndGlobalSection
	GlobalSection(ProjectConfigurationPlatforms) = postSolution
		{4060BE9B-75CD-4BE4-B945-9CCC3E416B7D}.Debug|Any CPU.ActiveCfg = Debug|Any CPU
		{4060BE9B-75CD-4BE4-B945-9CCC3E416B7D}.Debug|Any CPU.Build.0 = Debug|Any CPU
		{4060BE9B-75CD-4BE4-B945-9CCC3E416B7D}.Release|Any CPU.ActiveCfg = Release|Any CPU
		{4060BE9B-75CD-4BE4-B945-9CCC3E416B7D}.Release|Any CPU.Build.0 = Release|Any CPU
	EndGlobalSection
	GlobalSection(SolutionProperties) = preSolution
		HideSolutionNode = FALSE
	EndGlobalSection
	GlobalSection(ExtensibilityGlobals) = postSolution
		SolutionGuid = {A738C590-A9E2-46AB-93C3-7F32D0A3F0C2}
	EndGlobalSection
EndGlobal
